
Microsoft Visual Studio Solution File, Format Version 12.00
# Visual Studio Version 17
VisualStudioVersion = 17.0.31919.166
MinimumVisualStudioVersion = 10.0.40219.1
Project("{FAE04EC0-301F-11D3-BF4B-00C04F79EFBC}") = "HW16", "HW16.csproj", "{3FD8D3D7-80B9-4C40-8F61-3BCD4DB89F87}"
EndProject
Project("{9A19103F-16F7-4668-BE54-9A1E7A4F7556}") = "HW16.Tests", "Calculator.Tests\HW16.Tests.csproj", "{B2C90DCC-C11B-46B5-B9A7-CCA141A317FA}"
EndProject
Global
	GlobalSection(SolutionConfigurationPlatforms) = preSolution
		Debug|Any CPU = Debug|Any CPU
		Release|Any CPU = Release|Any CPU
	EndGlobalSection
	GlobalSection(ProjectConfigurationPlatforms) = postSolution
		{3FD8D3D7-80B9-4C40-8F61-3BCD4DB89F87}.Debug|Any CPU.ActiveCfg = Debug|Any CPU
		{3FD8D3D7-80B9-4C40-8F61-3BCD4DB89F87}.Debug|Any CPU.Build.0 = Debug|Any CPU
		{3FD8D3D7-80B9-4C40-8F61-3BCD4DB89F87}.Release|Any CPU.ActiveCfg = Release|Any CPU
		{3FD8D3D7-80B9-4C40-8F61-3BCD4DB89F87}.Release|Any CPU.Build.0 = Release|Any CPU
		{B2C90DCC-C11B-46B5-B9A7-CCA141A317FA}.Debug|Any CPU.ActiveCfg = Debug|Any CPU
		{B2C90DCC-C11B-46B5-B9A7-CCA141A317FA}.Debug|Any CPU.Build.0 = Debug|Any CPU
		{B2C90DCC-C11B-46B5-B9A7-CCA141A317FA}.Release|Any CPU.ActiveCfg = Release|Any CPU
		{B2C90DCC-C11B-46B5-B9A7-CCA141A317FA}.Release|Any CPU.Build.0 = Release|Any CPU
	EndGlobalSection
	GlobalSection(SolutionProperties) = preSolution
		HideSolutionNode = FALSE
	EndGlobalSection
	GlobalSection(ExtensibilityGlobals) = postSolution
		SolutionGuid = {AA5843C8-0660-49E9-B56C-AE912B294741}
	EndGlobalSection
EndGlobal
